// !$*UTF8*$!
{
	archiveVersion = 1;
	classes = {
	};
	objectVersion = 50;
	objects = {

/* Begin PBXBuildFile section */
		A1B84D3023CF183E00EB7910 /* AppDelegate.swift in Sources */ = {isa = PBXBuildFile; fileRef = A1B84D2F23CF183E00EB7910 /* AppDelegate.swift */; };
		A1B84D3223CF183E00EB7910 /* SceneDelegate.swift in Sources */ = {isa = PBXBuildFile; fileRef = A1B84D3123CF183E00EB7910 /* SceneDelegate.swift */; };
		A1B84D3423CF183E00EB7910 /* ViewController.swift in Sources */ = {isa = PBXBuildFile; fileRef = A1B84D3323CF183E00EB7910 /* ViewController.swift */; };
		A1B84D3723CF183E00EB7910 /* Main.storyboard in Resources */ = {isa = PBXBuildFile; fileRef = A1B84D3523CF183E00EB7910 /* Main.storyboard */; };
		A1B84D3923CF184800EB7910 /* Assets.xcassets in Resources */ = {isa = PBXBuildFile; fileRef = A1B84D3823CF184800EB7910 /* Assets.xcassets */; };
		A1B84D3C23CF184800EB7910 /* LaunchScreen.storyboard in Resources */ = {isa = PBXBuildFile; fileRef = A1B84D3A23CF184800EB7910 /* LaunchScreen.storyboard */; };
		A1B84D4723CF184800EB7910 /* CMS_ver1Tests.swift in Sources */ = {isa = PBXBuildFile; fileRef = A1B84D4623CF184800EB7910 /* CMS_ver1Tests.swift */; };
		A1B84D5223CF184800EB7910 /* CMS_ver1UITests.swift in Sources */ = {isa = PBXBuildFile; fileRef = A1B84D5123CF184800EB7910 /* CMS_ver1UITests.swift */; };
/* End PBXBuildFile section */

/* Begin PBXContainerItemProxy section */
		A1B84D4323CF184800EB7910 /* PBXContainerItemProxy */ = {
			isa = PBXContainerItemProxy;
			containerPortal = A1B84D2423CF183E00EB7910 /* Project object */;
			proxyType = 1;
			remoteGlobalIDString = A1B84D2B23CF183E00EB7910;
			remoteInfo = CMS_ver1;
		};
		A1B84D4E23CF184800EB7910 /* PBXContainerItemProxy */ = {
			isa = PBXContainerItemProxy;
			containerPortal = A1B84D2423CF183E00EB7910 /* Project object */;
			proxyType = 1;
			remoteGlobalIDString = A1B84D2B23CF183E00EB7910;
			remoteInfo = CMS_ver1;
		};
/* End PBXContainerItemProxy section */

/* Begin PBXFileReference section */
		A1B84D2C23CF183E00EB7910 /* CMS_ver1.app */ = {isa = PBXFileReference; explicitFileType = wrapper.application; includeInIndex = 0; path = CMS_ver1.app; sourceTree = BUILT_PRODUCTS_DIR; };
		A1B84D2F23CF183E00EB7910 /* AppDelegate.swift */ = {isa = PBXFileReference; lastKnownFileType = sourcecode.swift; path = AppDelegate.swift; sourceTree = "<group>"; };
		A1B84D3123CF183E00EB7910 /* SceneDelegate.swift */ = {isa = PBXFileReference; lastKnownFileType = sourcecode.swift; path = SceneDelegate.swift; sourceTree = "<group>"; };
		A1B84D3323CF183E00EB7910 /* ViewController.swift */ = {isa = PBXFileReference; lastKnownFileType = sourcecode.swift; path = ViewController.swift; sourceTree = "<group>"; };
		A1B84D3623CF183E00EB7910 /* Base */ = {isa = PBXFileReference; lastKnownFileType = file.storyboard; name = Base; path = Base.lproj/Main.storyboard; sourceTree = "<group>"; };
		A1B84D3823CF184800EB7910 /* Assets.xcassets */ = {isa = PBXFileReference; lastKnownFileType = folder.assetcatalog; path = Assets.xcassets; sourceTree = "<group>"; };
		A1B84D3B23CF184800EB7910 /* Base */ = {isa = PBXFileReference; lastKnownFileType = file.storyboard; name = Base; path = Base.lproj/LaunchScreen.storyboard; sourceTree = "<group>"; };
		A1B84D3D23CF184800EB7910 /* Info.plist */ = {isa = PBXFileReference; lastKnownFileType = text.plist.xml; path = Info.plist; sourceTree = "<group>"; };
		A1B84D4223CF184800EB7910 /* CMS_ver1Tests.xctest */ = {isa = PBXFileReference; explicitFileType = wrapper.cfbundle; includeInIndex = 0; path = CMS_ver1Tests.xctest; sourceTree = BUILT_PRODUCTS_DIR; };
		A1B84D4623CF184800EB7910 /* CMS_ver1Tests.swift */ = {isa = PBXFileReference; lastKnownFileType = sourcecode.swift; path = CMS_ver1Tests.swift; sourceTree = "<group>"; };
		A1B84D4823CF184800EB7910 /* Info.plist */ = {isa = PBXFileReference; lastKnownFileType = text.plist.xml; path = Info.plist; sourceTree = "<group>"; };
		A1B84D4D23CF184800EB7910 /* CMS_ver1UITests.xctest */ = {isa = PBXFileReference; explicitFileType = wrapper.cfbundle; includeInIndex = 0; path = CMS_ver1UITests.xctest; sourceTree = BUILT_PRODUCTS_DIR; };
		A1B84D5123CF184800EB7910 /* CMS_ver1UITests.swift */ = {isa = PBXFileReference; lastKnownFileType = sourcecode.swift; path = CMS_ver1UITests.swift; sourceTree = "<group>"; };
		A1B84D5323CF184800EB7910 /* Info.plist */ = {isa = PBXFileReference; lastKnownFileType = text.plist.xml; path = Info.plist; sourceTree = "<group>"; };
/* End PBXFileReference section */

/* Begin PBXFrameworksBuildPhase section */
		A1B84D2923CF183E00EB7910 /* Frameworks */ = {
			isa = PBXFrameworksBuildPhase;
			buildActionMask = 2147483647;
			files = (
			);
			runOnlyForDeploymentPostprocessing = 0;
		};
		A1B84D3F23CF184800EB7910 /* Frameworks */ = {
			isa = PBXFrameworksBuildPhase;
			buildActionMask = 2147483647;
			files = (
			);
			runOnlyForDeploymentPostprocessing = 0;
		};
		A1B84D4A23CF184800EB7910 /* Frameworks */ = {
			isa = PBXFrameworksBuildPhase;
			buildActionMask = 2147483647;
			files = (
			);
			runOnlyForDeploymentPostprocessing = 0;
		};
/* End PBXFrameworksBuildPhase section */

/* Begin PBXGroup section */
		A1B84D2323CF183E00EB7910 = {
			isa = PBXGroup;
			children = (
				A1B84D2E23CF183E00EB7910 /* CMS_ver1 */,
				A1B84D4523CF184800EB7910 /* CMS_ver1Tests */,
				A1B84D5023CF184800EB7910 /* CMS_ver1UITests */,
				A1B84D2D23CF183E00EB7910 /* Products */,
			);
			sourceTree = "<group>";
		};
		A1B84D2D23CF183E00EB7910 /* Products */ = {
			isa = PBXGroup;
			children = (
				A1B84D2C23CF183E00EB7910 /* CMS_ver1.app */,
				A1B84D4223CF184800EB7910 /* CMS_ver1Tests.xctest */,
				A1B84D4D23CF184800EB7910 /* CMS_ver1UITests.xctest */,
			);
			name = Products;
			sourceTree = "<group>";
		};
		A1B84D2E23CF183E00EB7910 /* CMS_ver1 */ = {
			isa = PBXGroup;
			children = (
				A1B84D2F23CF183E00EB7910 /* AppDelegate.swift */,
				A1B84D3123CF183E00EB7910 /* SceneDelegate.swift */,
				A1B84D3323CF183E00EB7910 /* ViewController.swift */,
				A1B84D3523CF183E00EB7910 /* Main.storyboard */,
				A1B84D3823CF184800EB7910 /* Assets.xcassets */,
				A1B84D3A23CF184800EB7910 /* LaunchScreen.storyboard */,
				A1B84D3D23CF184800EB7910 /* Info.plist */,
			);
			path = CMS_ver1;
			sourceTree = "<group>";
		};
		A1B84D4523CF184800EB7910 /* CMS_ver1Tests */ = {
			isa = PBXGroup;
			children = (
				A1B84D4623CF184800EB7910 /* CMS_ver1Tests.swift */,
				A1B84D4823CF184800EB7910 /* Info.plist */,
			);
			path = CMS_ver1Tests;
			sourceTree = "<group>";
		};
		A1B84D5023CF184800EB7910 /* CMS_ver1UITests */ = {
			isa = PBXGroup;
			children = (
				A1B84D5123CF184800EB7910 /* CMS_ver1UITests.swift */,
				A1B84D5323CF184800EB7910 /* Info.plist */,
			);
			path = CMS_ver1UITests;
			sourceTree = "<group>";
		};
/* End PBXGroup section */

/* Begin PBXNativeTarget section */
		A1B84D2B23CF183E00EB7910 /* CMS_ver1 */ = {
			isa = PBXNativeTarget;
			buildConfigurationList = A1B84D5623CF184800EB7910 /* Build configuration list for PBXNativeTarget "CMS_ver1" */;
			buildPhases = (
				A1B84D2823CF183E00EB7910 /* Sources */,
				A1B84D2923CF183E00EB7910 /* Frameworks */,
				A1B84D2A23CF183E00EB7910 /* Resources */,
			);
			buildRules = (
			);
			dependencies = (
			);
			name = CMS_ver1;
			productName = CMS_ver1;
			productReference = A1B84D2C23CF183E00EB7910 /* CMS_ver1.app */;
			productType = "com.apple.product-type.application";
		};
		A1B84D4123CF184800EB7910 /* CMS_ver1Tests */ = {
			isa = PBXNativeTarget;
			buildConfigurationList = A1B84D5923CF184800EB7910 /* Build configuration list for PBXNativeTarget "CMS_ver1Tests" */;
			buildPhases = (
				A1B84D3E23CF184800EB7910 /* Sources */,
				A1B84D3F23CF184800EB7910 /* Frameworks */,
				A1B84D4023CF184800EB7910 /* Resources */,
			);
			buildRules = (
			);
			dependencies = (
				A1B84D4423CF184800EB7910 /* PBXTargetDependency */,
			);
			name = CMS_ver1Tests;
			productName = CMS_ver1Tests;
			productReference = A1B84D4223CF184800EB7910 /* CMS_ver1Tests.xctest */;
			productType = "com.apple.product-type.bundle.unit-test";
		};
		A1B84D4C23CF184800EB7910 /* CMS_ver1UITests */ = {
			isa = PBXNativeTarget;
			buildConfigurationList = A1B84D5C23CF184800EB7910 /* Build configuration list for PBXNativeTarget "CMS_ver1UITests" */;
			buildPhases = (
				A1B84D4923CF184800EB7910 /* Sources */,
				A1B84D4A23CF184800EB7910 /* Frameworks */,
				A1B84D4B23CF184800EB7910 /* Resources */,
			);
			buildRules = (
			);
			dependencies = (
				A1B84D4F23CF184800EB7910 /* PBXTargetDependency */,
			);
			name = CMS_ver1UITests;
			productName = CMS_ver1UITests;
			productReference = A1B84D4D23CF184800EB7910 /* CMS_ver1UITests.xctest */;
			productType = "com.apple.product-type.bundle.ui-testing";
		};
/* End PBXNativeTarget section */

/* Begin PBXProject section */
		A1B84D2423CF183E00EB7910 /* Project object */ = {
			isa = PBXProject;
			attributes = {
				LastSwiftUpdateCheck = 1100;
				LastUpgradeCheck = 1100;
				ORGANIZATIONNAME = emily.com;
				TargetAttributes = {
					A1B84D2B23CF183E00EB7910 = {
						CreatedOnToolsVersion = 11.0;
					};
					A1B84D4123CF184800EB7910 = {
						CreatedOnToolsVersion = 11.0;
						TestTargetID = A1B84D2B23CF183E00EB7910;
					};
					A1B84D4C23CF184800EB7910 = {
						CreatedOnToolsVersion = 11.0;
						TestTargetID = A1B84D2B23CF183E00EB7910;
					};
				};
			};
			buildConfigurationList = A1B84D2723CF183E00EB7910 /* Build configuration list for PBXProject "CMS_ver1" */;
			compatibilityVersion = "Xcode 9.3";
			developmentRegion = en;
			hasScannedForEncodings = 0;
			knownRegions = (
				en,
				Base,
			);
			mainGroup = A1B84D2323CF183E00EB7910;
			productRefGroup = A1B84D2D23CF183E00EB7910 /* Products */;
			projectDirPath = "";
			projectRoot = "";
			targets = (
				A1B84D2B23CF183E00EB7910 /* CMS_ver1 */,
				A1B84D4123CF184800EB7910 /* CMS_ver1Tests */,
				A1B84D4C23CF184800EB7910 /* CMS_ver1UITests */,
			);
		};
/* End PBXProject section */

/* Begin PBXResourcesBuildPhase section */
		A1B84D2A23CF183E00EB7910 /* Resources */ = {
			isa = PBXResourcesBuildPhase;
			buildActionMask = 2147483647;
			files = (
				A1B84D3C23CF184800EB7910 /* LaunchScreen.storyboard in Resources */,
				A1B84D3923CF184800EB7910 /* Assets.xcassets in Resources */,
				A1B84D3723CF183E00EB7910 /* Main.storyboard in Resources */,
			);
			runOnlyForDeploymentPostprocessing = 0;
		};
		A1B84D4023CF184800EB7910 /* Resources */ = {
			isa = PBXResourcesBuildPhase;
			buildActionMask = 2147483647;
			files = (
			);
			runOnlyForDeploymentPostprocessing = 0;
		};
		A1B84D4B23CF184800EB7910 /* Resources */ = {
			isa = PBXResourcesBuildPhase;
			buildActionMask = 2147483647;
			files = (
			);
			runOnlyForDeploymentPostprocessing = 0;
		};
/* End PBXResourcesBuildPhase section */

/* Begin PBXSourcesBuildPhase section */
		A1B84D2823CF183E00EB7910 /* Sources */ = {
			isa = PBXSourcesBuildPhase;
			buildActionMask = 2147483647;
			files = (
				A1B84D3423CF183E00EB7910 /* ViewController.swift in Sources */,
				A1B84D3023CF183E00EB7910 /* AppDelegate.swift in Sources */,
				A1B84D3223CF183E00EB7910 /* SceneDelegate.swift in Sources */,
			);
			runOnlyForDeploymentPostprocessing = 0;
		};
		A1B84D3E23CF184800EB7910 /* Sources */ = {
			isa = PBXSourcesBuildPhase;
			buildActionMask = 2147483647;
			files = (
				A1B84D4723CF184800EB7910 /* CMS_ver1Tests.swift in Sources */,
			);
			runOnlyForDeploymentPostprocessing = 0;
		};
		A1B84D4923CF184800EB7910 /* Sources */ = {
			isa = PBXSourcesBuildPhase;
			buildActionMask = 2147483647;
			files = (
				A1B84D5223CF184800EB7910 /* CMS_ver1UITests.swift in Sources */,
			);
			runOnlyForDeploymentPostprocessing = 0;
		};
/* End PBXSourcesBuildPhase section */

/* Begin PBXTargetDependency section */
		A1B84D4423CF184800EB7910 /* PBXTargetDependency */ = {
			isa = PBXTargetDependency;
			target = A1B84D2B23CF183E00EB7910 /* CMS_ver1 */;
			targetProxy = A1B84D4323CF184800EB7910 /* PBXContainerItemProxy */;
		};
		A1B84D4F23CF184800EB7910 /* PBXTargetDependency */ = {
			isa = PBXTargetDependency;
			target = A1B84D2B23CF183E00EB7910 /* CMS_ver1 */;
			targetProxy = A1B84D4E23CF184800EB7910 /* PBXContainerItemProxy */;
		};
/* End PBXTargetDependency section */

/* Begin PBXVariantGroup section */
		A1B84D3523CF183E00EB7910 /* Main.storyboard */ = {
			isa = PBXVariantGroup;
			children = (
				A1B84D3623CF183E00EB7910 /* Base */,
			);
			name = Main.storyboard;
			sourceTree = "<group>";
		};
		A1B84D3A23CF184800EB7910 /* LaunchScreen.storyboard */ = {
			isa = PBXVariantGroup;
			children = (
				A1B84D3B23CF184800EB7910 /* Base */,
			);
			name = LaunchScreen.storyboard;
			sourceTree = "<group>";
		};
/* End PBXVariantGroup section */

/* Begin XCBuildConfiguration section */
		A1B84D5423CF184800EB7910 /* Debug */ = {
			isa = XCBuildConfiguration;
			buildSettings = {
				ALWAYS_SEARCH_USER_PATHS = NO;
				CLANG_ANALYZER_NONNULL = YES;
				CLANG_ANALYZER_NUMBER_OBJECT_CONVERSION = YES_AGGRESSIVE;
				CLANG_CXX_LANGUAGE_STANDARD = "gnu++14";
				CLANG_CXX_LIBRARY = "libc++";
				CLANG_ENABLE_MODULES = YES;
				CLANG_ENABLE_OBJC_ARC = YES;
				CLANG_ENABLE_OBJC_WEAK = YES;
				CLANG_WARN_BLOCK_CAPTURE_AUTORELEASING = YES;
				CLANG_WARN_BOOL_CONVERSION = YES;
				CLANG_WARN_COMMA = YES;
				CLANG_WARN_CONSTANT_CONVERSION = YES;
				CLANG_WARN_DEPRECATED_OBJC_IMPLEMENTATIONS = YES;
				CLANG_WARN_DIRECT_OBJC_ISA_USAGE = YES_ERROR;
				CLANG_WARN_DOCUMENTATION_COMMENTS = YES;
				CLANG_WARN_EMPTY_BODY = YES;
				CLANG_WARN_ENUM_CONVERSION = YES;
				CLANG_WARN_INFINITE_RECURSION = YES;
				CLANG_WARN_INT_CONVERSION = YES;
				CLANG_WARN_NON_LITERAL_NULL_CONVERSION = YES;
				CLANG_WARN_OBJC_IMPLICIT_RETAIN_SELF = YES;
				CLANG_WARN_OBJC_LITERAL_CONVERSION = YES;
				CLANG_WARN_OBJC_ROOT_CLASS = YES_ERROR;
				CLANG_WARN_RANGE_LOOP_ANALYSIS = YES;
				CLANG_WARN_STRICT_PROTOTYPES = YES;
				CLANG_WARN_SUSPICIOUS_MOVE = YES;
				CLANG_WARN_UNGUARDED_AVAILABILITY = YES_AGGRESSIVE;
				CLANG_WARN_UNREACHABLE_CODE = YES;
				CLANG_WARN__DUPLICATE_METHOD_MATCH = YES;
				COPY_PHASE_STRIP = NO;
				DEBUG_INFORMATION_FORMAT = dwarf;
				ENABLE_STRICT_OBJC_MSGSEND = YES;
				ENABLE_TESTABILITY = YES;
				GCC_C_LANGUAGE_STANDARD = gnu11;
				GCC_DYNAMIC_NO_PIC = NO;
				GCC_NO_COMMON_BLOCKS = YES;
				GCC_OPTIMIZATION_LEVEL = 0;
				GCC_PREPROCESSOR_DEFINITIONS = (
					"DEBUG=1",
					"$(inherited)",
				);
				GCC_WARN_64_TO_32_BIT_CONVERSION = YES;
				GCC_WARN_ABOUT_RETURN_TYPE = YES_ERROR;
				GCC_WARN_UNDECLARED_SELECTOR = YES;
				GCC_WARN_UNINITIALIZED_AUTOS = YES_AGGRESSIVE;
				GCC_WARN_UNUSED_FUNCTION = YES;
				GCC_WARN_UNUSED_VARIABLE = YES;
				IPHONEOS_DEPLOYMENT_TARGET = 13.0;
				MTL_ENABLE_DEBUG_INFO = INCLUDE_SOURCE;
				MTL_FAST_MATH = YES;
				ONLY_ACTIVE_ARCH = YES;
				SDKROOT = iphoneos;
				SWIFT_ACTIVE_COMPILATION_CONDITIONS = DEBUG;
				SWIFT_OPTIMIZATION_LEVEL = "-Onone";
			};
			name = Debug;
		};
		A1B84D5523CF184800EB7910 /* Release */ = {
			isa = XCBuildConfiguration;
			buildSettings = {
				ALWAYS_SEARCH_USER_PATHS = NO;
				CLANG_ANALYZER_NONNULL = YES;
				CLANG_ANALYZER_NUMBER_OBJECT_CONVERSION = YES_AGGRESSIVE;
				CLANG_CXX_LANGUAGE_STANDARD = "gnu++14";
				CLANG_CXX_LIBRARY = "libc++";
				CLANG_ENABLE_MODULES = YES;
				CLANG_ENABLE_OBJC_ARC = YES;
				CLANG_ENABLE_OBJC_WEAK = YES;
				CLANG_WARN_BLOCK_CAPTURE_AUTORELEASING = YES;
				CLANG_WARN_BOOL_CONVERSION = YES;
				CLANG_WARN_COMMA = YES;
				CLANG_WARN_CONSTANT_CONVERSION = YES;
				CLANG_WARN_DEPRECATED_OBJC_IMPLEMENTATIONS = YES;
				CLANG_WARN_DIRECT_OBJC_ISA_USAGE = YES_ERROR;
				CLANG_WARN_DOCUMENTATION_COMMENTS = YES;
				CLANG_WARN_EMPTY_BODY = YES;
				CLANG_WARN_ENUM_CONVERSION = YES;
				CLANG_WARN_INFINITE_RECURSION = YES;
				CLANG_WARN_INT_CONVERSION = YES;
				CLANG_WARN_NON_LITERAL_NULL_CONVERSION = YES;
				CLANG_WARN_OBJC_IMPLICIT_RETAIN_SELF = YES;
				CLANG_WARN_OBJC_LITERAL_CONVERSION = YES;
				CLANG_WARN_OBJC_ROOT_CLASS = YES_ERROR;
				CLANG_WARN_RANGE_LOOP_ANALYSIS = YES;
				CLANG_WARN_STRICT_PROTOTYPES = YES;
				CLANG_WARN_SUSPICIOUS_MOVE = YES;
				CLANG_WARN_UNGUARDED_AVAILABILITY = YES_AGGRESSIVE;
				CLANG_WARN_UNREACHABLE_CODE = YES;
				CLANG_WARN__DUPLICATE_METHOD_MATCH = YES;
				COPY_PHASE_STRIP = NO;
				DEBUG_INFORMATION_FORMAT = "dwarf-with-dsym";
				ENABLE_NS_ASSERTIONS = NO;
				ENABLE_STRICT_OBJC_MSGSEND = YES;
				GCC_C_LANGUAGE_STANDARD = gnu11;
				GCC_NO_COMMON_BLOCKS = YES;
				GCC_WARN_64_TO_32_BIT_CONVERSION = YES;
				GCC_WARN_ABOUT_RETURN_TYPE = YES_ERROR;
				GCC_WARN_UNDECLARED_SELECTOR = YES;
				GCC_WARN_UNINITIALIZED_AUTOS = YES_AGGRESSIVE;
				GCC_WARN_UNUSED_FUNCTION = YES;
				GCC_WARN_UNUSED_VARIABLE = YES;
				IPHONEOS_DEPLOYMENT_TARGET = 13.0;
				MTL_ENABLE_DEBUG_INFO = NO;
				MTL_FAST_MATH = YES;
				SDKROOT = iphoneos;
				SWIFT_COMPILATION_MODE = wholemodule;
				SWIFT_OPTIMIZATION_LEVEL = "-O";
				VALIDATE_PRODUCT = YES;
			};
			name = Release;
		};
		A1B84D5723CF184800EB7910 /* Debug */ = {
			isa = XCBuildConfiguration;
			buildSettings = {
				ASSETCATALOG_COMPILER_APPICON_NAME = AppIcon;
				CODE_SIGN_STYLE = Automatic;
				DEVELOPMENT_TEAM = 743J7J89D4;
				INFOPLIST_FILE = CMS_ver1/Info.plist;
				LD_RUNPATH_SEARCH_PATHS = (
					"$(inherited)",
					"@executable_path/Frameworks",
				);
				PRODUCT_BUNDLE_IDENTIFIER = "emily.com.CMS-ver1";
				PRODUCT_NAME = "$(TARGET_NAME)";
				SWIFT_VERSION = 5.0;
				TARGETED_DEVICE_FAMILY = "1,2";
			};
			name = Debug;
		};
		A1B84D5823CF184800EB7910 /* Release */ = {
			isa = XCBuildConfiguration;
			buildSettings = {
				ASSETCATALOG_COMPILER_APPICON_NAME = AppIcon;
				CODE_SIGN_STYLE = Automatic;
				DEVELOPMENT_TEAM = 743J7J89D4;
				INFOPLIST_FILE = CMS_ver1/Info.plist;
				LD_RUNPATH_SEARCH_PATHS = (
					"$(inherited)",
					"@executable_path/Frameworks",
				);
				PRODUCT_BUNDLE_IDENTIFIER = "emily.com.CMS-ver1";
				PRODUCT_NAME = "$(TARGET_NAME)";
				SWIFT_VERSION = 5.0;
				TARGETED_DEVICE_FAMILY = "1,2";
			};
			name = Release;
		};
		A1B84D5A23CF184800EB7910 /* Debug */ = {
			isa = XCBuildConfiguration;
			buildSettings = {
				ALWAYS_EMBED_SWIFT_STANDARD_LIBRARIES = YES;
				BUNDLE_LOADER = "$(TEST_HOST)";
				CODE_SIGN_STYLE = Automatic;
				DEVELOPMENT_TEAM = 743J7J89D4;
				INFOPLIST_FILE = CMS_ver1Tests/Info.plist;
				IPHONEOS_DEPLOYMENT_TARGET = 13.0;
				LD_RUNPATH_SEARCH_PATHS = (
					"$(inherited)",
					"@executable_path/Frameworks",
					"@loader_path/Frameworks",
				);
				PRODUCT_BUNDLE_IDENTIFIER = "emily.com.CMS-ver1Tests";
				PRODUCT_NAME = "$(TARGET_NAME)";
				SWIFT_VERSION = 5.0;
				TARGETED_DEVICE_FAMILY = "1,2";
				TEST_HOST = "$(BUILT_PRODUCTS_DIR)/CMS_ver1.app/CMS_ver1";
			};
			name = Debug;
		};
		A1B84D5B23CF184800EB7910 /* Release */ = {
			isa = XCBuildConfiguration;
			buildSettings = {
				ALWAYS_EMBED_SWIFT_STANDARD_LIBRARIES = YES;
				BUNDLE_LOADER = "$(TEST_HOST)";
				CODE_SIGN_STYLE = Automatic;
				DEVELOPMENT_TEAM = 743J7J89D4;
				INFOPLIST_FILE = CMS_ver1Tests/Info.plist;
				IPHONEOS_DEPLOYMENT_TARGET = 13.0;
				LD_RUNPATH_SEARCH_PATHS = (
					"$(inherited)",
					"@executable_path/Frameworks",
					"@loader_path/Frameworks",
				);
				PRODUCT_BUNDLE_IDENTIFIER = "emily.com.CMS-ver1Tests";
				PRODUCT_NAME = "$(TARGET_NAME)";
				SWIFT_VERSION = 5.0;
				TARGETED_DEVICE_FAMILY = "1,2";
				TEST_HOST = "$(BUILT_PRODUCTS_DIR)/CMS_ver1.app/CMS_ver1";
			};
			name = Release;
		};
		A1B84D5D23CF184800EB7910 /* Debug */ = {
			isa = XCBuildConfiguration;
			buildSettings = {
				ALWAYS_EMBED_SWIFT_STANDARD_LIBRARIES = YES;
				CODE_SIGN_STYLE = Automatic;
				DEVELOPMENT_TEAM = 743J7J89D4;
				INFOPLIST_FILE = CMS_ver1UITests/Info.plist;
				LD_RUNPATH_SEARCH_PATHS = (
					"$(inherited)",
					"@executable_path/Frameworks",
					"@loader_path/Frameworks",
				);
				PRODUCT_BUNDLE_IDENTIFIER = "emily.com.CMS-ver1UITests";
				PRODUCT_NAME = "$(TARGET_NAME)";
				SWIFT_VERSION = 5.0;
				TARGETED_DEVICE_FAMILY = "1,2";
				TEST_TARGET_NAME = CMS_ver1;
			};
			name = Debug;
		};
		A1B84D5E23CF184800EB7910 /* Release */ = {
			isa = XCBuildConfiguration;
			buildSettings = {
				ALWAYS_EMBED_SWIFT_STANDARD_LIBRARIES = YES;
				CODE_SIGN_STYLE = Automatic;
				DEVELOPMENT_TEAM = 743J7J89D4;
				INFOPLIST_FILE = CMS_ver1UITests/Info.plist;
				LD_RUNPATH_SEARCH_PATHS = (
					"$(inherited)",
					"@executable_path/Frameworks",
					"@loader_path/Frameworks",
				);
				PRODUCT_BUNDLE_IDENTIFIER = "emily.com.CMS-ver1UITests";
				PRODUCT_NAME = "$(TARGET_NAME)";
				SWIFT_VERSION = 5.0;
				TARGETED_DEVICE_FAMILY = "1,2";
				TEST_TARGET_NAME = CMS_ver1;
			};
			name = Release;
		};
/* End XCBuildConfiguration section */

/* Begin XCConfigurationList section */
		A1B84D2723CF183E00EB7910 /* Build configuration list for PBXProject "CMS_ver1" */ = {
			isa = XCConfigurationList;
			buildConfigurations = (
				A1B84D5423CF184800EB7910 /* Debug */,
				A1B84D5523CF184800EB7910 /* Release */,
			);
			defaultConfigurationIsVisible = 0;
			defaultConfigurationName = Release;
		};
		A1B84D5623CF184800EB7910 /* Build configuration list for PBXNativeTarget "CMS_ver1" */ = {
			isa = XCConfigurationList;
			buildConfigurations = (
				A1B84D5723CF184800EB7910 /* Debug */,
				A1B84D5823CF184800EB7910 /* Release */,
			);
			defaultConfigurationIsVisible = 0;
			defaultConfigurationName = Release;
		};
		A1B84D5923CF184800EB7910 /* Build configuration list for PBXNativeTarget "CMS_ver1Tests" */ = {
			isa = XCConfigurationList;
			buildConfigurations = (
				A1B84D5A23CF184800EB7910 /* Debug */,
				A1B84D5B23CF184800EB7910 /* Release */,
			);
			defaultConfigurationIsVisible = 0;
			defaultConfigurationName = Release;
		};
		A1B84D5C23CF184800EB7910 /* Build configuration list for PBXNativeTarget "CMS_ver1UITests" */ = {
			isa = XCConfigurationList;
			buildConfigurations = (
				A1B84D5D23CF184800EB7910 /* Debug */,
				A1B84D5E23CF184800EB7910 /* Release */,
			);
			defaultConfigurationIsVisible = 0;
			defaultConfigurationName = Release;
		};
/* End XCConfigurationList section */
	};
	rootObject = A1B84D2423CF183E00EB7910 /* Project object */;
}
